
Microsoft Visual Studio Solution File, Format Version 12.00
# Visual Studio Version 17
VisualStudioVersion = 17.8.34601.278
MinimumVisualStudioVersion = 10.0.40219.1
Project("{FAE04EC0-301F-11D3-BF4B-00C04F79EFBC}") = "Uygulama20", "Uygulama20\Uygulama20.csproj", "{BF05C6BF-536D-4B7E-B8D8-9AB7E3B2C999}"
EndProject
Global
	GlobalSection(SolutionConfigurationPlatforms) = preSolution
		Debug|Any CPU = Debug|Any CPU
		Release|Any CPU = Release|Any CPU
	EndGlobalSection
	GlobalSection(ProjectConfigurationPlatforms) = postSolution
		{BF05C6BF-536D-4B7E-B8D8-9AB7E3B2C999}.Debug|Any CPU.ActiveCfg = Debug|Any CPU
		{BF05C6BF-536D-4B7E-B8D8-9AB7E3B2C999}.Debug|Any CPU.Build.0 = Debug|Any CPU
		{BF05C6BF-536D-4B7E-B8D8-9AB7E3B2C999}.Release|Any CPU.ActiveCfg = Release|Any CPU
		{BF05C6BF-536D-4B7E-B8D8-9AB7E3B2C999}.Release|Any CPU.Build.0 = Release|Any CPU
	EndGlobalSection
	GlobalSection(SolutionProperties) = preSolution
		HideSolutionNode = FALSE
	EndGlobalSection
	GlobalSection(ExtensibilityGlobals) = postSolution
		SolutionGuid = {384D1539-C6DB-4BBC-88F8-7A0957D222B8}
	EndGlobalSection
EndGlobal
